
Microsoft Visual Studio Solution File, Format Version 12.00
# Visual Studio Version 16
VisualStudioVersion = 16.0.30002.166
MinimumVisualStudioVersion = 10.0.40219.1
Project("{FAE04EC0-301F-11D3-BF4B-00C04F79EFBC}") = "StagramApp_srv", "StagramApp_srv\StagramApp_srv.csproj", "{230A3219-31C5-4F04-93A9-194BFF0F7532}"
EndProject
Global
	GlobalSection(SolutionConfigurationPlatforms) = preSolution
		Debug|Any CPU = Debug|Any CPU
		Release|Any CPU = Release|Any CPU
	EndGlobalSection
	GlobalSection(ProjectConfigurationPlatforms) = postSolution
		{230A3219-31C5-4F04-93A9-194BFF0F7532}.Debug|Any CPU.ActiveCfg = Debug|Any CPU
		{230A3219-31C5-4F04-93A9-194BFF0F7532}.Debug|Any CPU.Build.0 = Debug|Any CPU
		{230A3219-31C5-4F04-93A9-194BFF0F7532}.Release|Any CPU.ActiveCfg = Release|Any CPU
		{230A3219-31C5-4F04-93A9-194BFF0F7532}.Release|Any CPU.Build.0 = Release|Any CPU
	EndGlobalSection
	GlobalSection(SolutionProperties) = preSolution
		HideSolutionNode = FALSE
	EndGlobalSection
	GlobalSection(ExtensibilityGlobals) = postSolution
		SolutionGuid = {909AFBAA-7756-45F6-AB5E-82A180A12C2A}
	EndGlobalSection
EndGlobal
